# This file was autogenerated by Stack.
# You should not edit this file by hand.
# For more information, please see the documentation at:
#   https://docs.haskellstack.org/en/stable/lock_files

packages:
- completed:
    subdir: tonaparser
    cabal-file:
      size: 5133
      sha256: f265c6a384a1bbbbe0390db24102a6daa9871ac8e2b073e5c9443fc9d6006efc
    name: tonaparser
    version: 0.1.0.0
    git: https://github.com/tonatona-project/tonatona
    pantry-tree:
      size: 468
      sha256: 3ee6ae179ca6fa5eec307f06435425258688a77e7a6330138f4726914afd57b4
    commit: 224e084fef661873808eaf3f70bb7887ff8b50e8
  original:
    subdir: tonaparser
    git: https://github.com/tonatona-project/tonatona
    commit: 224e084fef661873808eaf3f70bb7887ff8b50e8
- completed:
    subdir: tonatona
    cabal-file:
      size: 4145
      sha256: 6adf1844255dfe26798e2e357f5bf5ae52abdcf8a899be5b5b173bdcbb914b09
    name: tonatona
    version: 0.1.0.1
    git: https://github.com/tonatona-project/tonatona
    pantry-tree:
      size: 457
      sha256: fddf130da5bae810dc90c00120838a9f88a321c8bce5d3bde99f1445e3c6c8f8
    commit: 224e084fef661873808eaf3f70bb7887ff8b50e8
  original:
    subdir: tonatona
    git: https://github.com/tonatona-project/tonatona
    commit: 224e084fef661873808eaf3f70bb7887ff8b50e8
- completed:
    subdir: tonatona-logger
    cabal-file:
      size: 3921
      sha256: e4d1f2defeaa9ac2845c8a73f39ed585b55c264914e6f41021adbe7c07ab5030
    name: tonatona-logger
    version: 0.2.0.1
    git: https://github.com/tonatona-project/tonatona
    pantry-tree:
      size: 465
      sha256: 676161e7559bc8bd3b638a37de7b2384074ee005d8ed8c2c10898b11ccd8cf70
    commit: 224e084fef661873808eaf3f70bb7887ff8b50e8
  original:
    subdir: tonatona-logger
    git: https://github.com/tonatona-project/tonatona
    commit: 224e084fef661873808eaf3f70bb7887ff8b50e8
- completed:
    subdir: tonatona-persistent-postgresql
    cabal-file:
      size: 4471
      sha256: 7d1adbfcb7cf584980179acd38c3a9b6a077b7e4a31a3a7392de0b754717b9c6
    name: tonatona-persistent-postgresql
    version: 0.1.0.1
    git: https://github.com/tonatona-project/tonatona
    pantry-tree:
      size: 477
      sha256: f810df8aed376fc66e04a1cc3595bebb88629e101f8ea5d4b9add182b23d3189
    commit: 224e084fef661873808eaf3f70bb7887ff8b50e8
  original:
    subdir: tonatona-persistent-postgresql
    git: https://github.com/tonatona-project/tonatona
    commit: 224e084fef661873808eaf3f70bb7887ff8b50e8
- completed:
    subdir: tonatona-persistent-sqlite
    cabal-file:
      size: 4431
      sha256: 2d0d84252f6842589f4e64a5177a61084d29fa6beed3f83771e33c6cc5d2c2e7
    name: tonatona-persistent-sqlite
    version: 0.1.0.1
    git: https://github.com/tonatona-project/tonatona
    pantry-tree:
      size: 473
      sha256: fb0d6684591f3c96ac9b7dceafba933291c91e0a130bffb7cadab23541823503
    commit: 224e084fef661873808eaf3f70bb7887ff8b50e8
  original:
    subdir: tonatona-persistent-sqlite
    git: https://github.com/tonatona-project/tonatona
    commit: 224e084fef661873808eaf3f70bb7887ff8b50e8
- completed:
    subdir: tonatona-servant
    cabal-file:
      size: 4600
      sha256: 36ab90ddb9accf6dd41042d95540dbd53b3f108bdcb956f12c651467e03bd6da
    name: tonatona-servant
    version: 0.1.0.2
    git: https://github.com/tonatona-project/tonatona
    pantry-tree:
      size: 466
      sha256: 373a417fd57aa12df1d726ab32aefb43457e1e36264b2968133cd35674cd50be
    commit: 224e084fef661873808eaf3f70bb7887ff8b50e8
  original:
    subdir: tonatona-servant
    git: https://github.com/tonatona-project/tonatona
    commit: 224e084fef661873808eaf3f70bb7887ff8b50e8
- completed:
    cabal-file:
      size: 3313
      sha256: a2f0e82a2661d04587064afa7496ca4193a757a065b014b2aa22d107d444dae0
    name: character-cases
    version: 0.1.0.3
    git: https://github.com/aiya000/hs-character-cases
    pantry-tree:
      size: 606
      sha256: d0717049f40ef58aa708f3ccd1be3ee6e5fd408e64ad9478d99ccd0ebf054cc7
    commit: d47babc633e7c396f04c44d75d0354f7a74b3460
  original:
    git: https://github.com/aiya000/hs-character-cases
    commit: d47babc633e7c396f04c44d75d0354f7a74b3460
snapshots:
- completed:
    size: 525662
    url: https://raw.githubusercontent.com/commercialhaskell/stackage-snapshots/master/lts/14/15.yaml
    sha256: c5e673e5723931b64ef2eb5004f6d9ea3c95b58d48388dbc4de6f66b97c81f7a
  original: lts-14.15
